
Microsoft Visual Studio Solution File, Format Version 12.00
# Visual Studio Version 17
VisualStudioVersion = 17.7.34031.279
MinimumVisualStudioVersion = 10.0.40219.1
Project("{FAE04EC0-301F-11D3-BF4B-00C04F79EFBC}") = "test_programming_supattra_saekow", "test_programming_supattra_saekow\test_programming_supattra_saekow.csproj", "{27F7400E-BAB3-451D-A814-4109C5AE4913}"
EndProject
Global
	GlobalSection(SolutionConfigurationPlatforms) = preSolution
		Debug|Any CPU = Debug|Any CPU
		Release|Any CPU = Release|Any CPU
	EndGlobalSection
	GlobalSection(ProjectConfigurationPlatforms) = postSolution
		{27F7400E-BAB3-451D-A814-4109C5AE4913}.Debug|Any CPU.ActiveCfg = Debug|Any CPU
		{27F7400E-BAB3-451D-A814-4109C5AE4913}.Debug|Any CPU.Build.0 = Debug|Any CPU
		{27F7400E-BAB3-451D-A814-4109C5AE4913}.Release|Any CPU.ActiveCfg = Release|Any CPU
		{27F7400E-BAB3-451D-A814-4109C5AE4913}.Release|Any CPU.Build.0 = Release|Any CPU
	EndGlobalSection
	GlobalSection(SolutionProperties) = preSolution
		HideSolutionNode = FALSE
	EndGlobalSection
	GlobalSection(ExtensibilityGlobals) = postSolution
		SolutionGuid = {087CF556-4C07-4CF3-9CEE-7BA3215826C5}
	EndGlobalSection
EndGlobal
